
Microsoft Visual Studio Solution File, Format Version 12.00
# Visual Studio Version 17
VisualStudioVersion = 17.5.33530.505
MinimumVisualStudioVersion = 10.0.40219.1
Project("{888888A0-9F3D-457C-B088-3A5042F75D52}") = "DjangoApplication", "DjangoApplication\DjangoApplication.pyproj", "{5790BB31-29D3-426A-A3C5-ABB30FA2880A}"
EndProject
Global
	GlobalSection(SolutionConfigurationPlatforms) = preSolution
		Debug|Any CPU = Debug|Any CPU
		Release|Any CPU = Release|Any CPU
	EndGlobalSection
	GlobalSection(ProjectConfigurationPlatforms) = postSolution
		{5790BB31-29D3-426A-A3C5-ABB30FA2880A}.Debug|Any CPU.ActiveCfg = Debug|Any CPU
		{5790BB31-29D3-426A-A3C5-ABB30FA2880A}.Release|Any CPU.ActiveCfg = Release|Any CPU
	EndGlobalSection
	GlobalSection(SolutionProperties) = preSolution
		HideSolutionNode = FALSE
	EndGlobalSection
	GlobalSection(ExtensibilityGlobals) = postSolution
		SolutionGuid = {DF3A2E31-4336-4B89-971F-707FAFF7DCEF}
	EndGlobalSection
EndGlobal
